{
  "lockfileVersion": 1,
  "configVersion": 1,
  "workspaces": {
    "": {
      "name": "gamenight-bingo",
      "devDependencies": {
        "typescript": "5.9.3",
      },
    },
    "apps/game-server": {
      "name": "@gamenight-bingo/game-server",
      "version": "0.0.0",
    },
    "apps/web": {
      "name": "@gamenight-bingo/web",
      "version": "0.0.0",
    },
    "packages/contracts": {
      "name": "@gamenight-bingo/contracts",
      "version": "0.0.0",
    },
    "packages/database": {
      "name": "@gamenight-bingo/database",
      "version": "0.0.0",
    },
    "packages/domain": {
      "name": "@gamenight-bingo/domain",
      "version": "0.0.0",
    },
    "packages/patterns": {
      "name": "@gamenight-bingo/patterns",
      "version": "0.0.0",
    },
    "packages/test-support": {
      "name": "@gamenight-bingo/test-support",
      "version": "0.0.0",
    },
    "packages/themes": {
      "name": "@gamenight-bingo/themes",
      "version": "0.0.0",
    },
    "packages/ui": {
      "name": "@gamenight-bingo/ui",
      "version": "0.0.0",
    },
  },
  "packages": {
    "@gamenight-bingo/contracts": ["@gamenight-bingo/contracts@workspace:packages/contracts"],

    "@gamenight-bingo/database": ["@gamenight-bingo/database@workspace:packages/database"],

    "@gamenight-bingo/domain": ["@gamenight-bingo/domain@workspace:packages/domain"],

    "@gamenight-bingo/game-server": ["@gamenight-bingo/game-server@workspace:apps/game-server"],

    "@gamenight-bingo/patterns": ["@gamenight-bingo/patterns@workspace:packages/patterns"],

    "@gamenight-bingo/test-support": ["@gamenight-bingo/test-support@workspace:packages/test-support"],

    "@gamenight-bingo/themes": ["@gamenight-bingo/themes@workspace:packages/themes"],

    "@gamenight-bingo/ui": ["@gamenight-bingo/ui@workspace:packages/ui"],

    "@gamenight-bingo/web": ["@gamenight-bingo/web@workspace:apps/web"],

    "typescript": ["typescript@5.9.3", "", { "bin": { "tsc": "bin/tsc", "tsserver": "bin/tsserver" } }, "sha512-jl1vZzPDinLr9eUt3J/t7V6FgNEw9QjvBPdysz9KfQDD41fQrC2Y4vKQdiaUpFT4bXlb1RHhLpp8wtm6M5TgSw=="],
  }
}
